// !$*UTF8*$!
{
	archiveVersion = 1;
	classes = {
	};
	objectVersion = 50;
	objects = {

/* Begin PBXBuildFile section */
		92EEEBD5242E7C3100DAAC3C /* AppDelegate.swift in Sources */ = {isa = PBXBuildFile; fileRef = 92EEEBD4242E7C3100DAAC3C /* AppDelegate.swift */; };
		92EEEBD7242E7C3100DAAC3C /* SceneDelegate.swift in Sources */ = {isa = PBXBuildFile; fileRef = 92EEEBD6242E7C3100DAAC3C /* SceneDelegate.swift */; };
		92EEEBD9242E7C3100DAAC3C /* ViewController.swift in Sources */ = {isa = PBXBuildFile; fileRef = 92EEEBD8242E7C3100DAAC3C /* ViewController.swift */; };
		92EEEBDC242E7C3100DAAC3C /* Main.storyboard in Resources */ = {isa = PBXBuildFile; fileRef = 92EEEBDA242E7C3100DAAC3C /* Main.storyboard */; };
		92EEEBDE242E7C3300DAAC3C /* Assets.xcassets in Resources */ = {isa = PBXBuildFile; fileRef = 92EEEBDD242E7C3300DAAC3C /* Assets.xcassets */; };
		92EEEBE1242E7C3300DAAC3C /* LaunchScreen.storyboard in Resources */ = {isa = PBXBuildFile; fileRef = 92EEEBDF242E7C3300DAAC3C /* LaunchScreen.storyboard */; };
/* End PBXBuildFile section */

/* Begin PBXFileReference section */
		92EEEBD1242E7C3100DAAC3C /* CovidKazakhstan.app */ = {isa = PBXFileReference; explicitFileType = wrapper.application; includeInIndex = 0; path = CovidKazakhstan.app; sourceTree = BUILT_PRODUCTS_DIR; };
		92EEEBD4242E7C3100DAAC3C /* AppDelegate.swift */ = {isa = PBXFileReference; lastKnownFileType = sourcecode.swift; path = AppDelegate.swift; sourceTree = "<group>"; };
		92EEEBD6242E7C3100DAAC3C /* SceneDelegate.swift */ = {isa = PBXFileReference; lastKnownFileType = sourcecode.swift; path = SceneDelegate.swift; sourceTree = "<group>"; };
		92EEEBD8242E7C3100DAAC3C /* ViewController.swift */ = {isa = PBXFileReference; lastKnownFileType = sourcecode.swift; path = ViewController.swift; sourceTree = "<group>"; };
		92EEEBDB242E7C3100DAAC3C /* Base */ = {isa = PBXFileReference; lastKnownFileType = file.storyboard; name = Base; path = Base.lproj/Main.storyboard; sourceTree = "<group>"; };
		92EEEBDD242E7C3300DAAC3C /* Assets.xcassets */ = {isa = PBXFileReference; lastKnownFileType = folder.assetcatalog; path = Assets.xcassets; sourceTree = "<group>"; };
		92EEEBE0242E7C3300DAAC3C /* Base */ = {isa = PBXFileReference; lastKnownFileType = file.storyboard; name = Base; path = Base.lproj/LaunchScreen.storyboard; sourceTree = "<group>"; };
		92EEEBE2242E7C3300DAAC3C /* Info.plist */ = {isa = PBXFileReference; lastKnownFileType = text.plist.xml; path = Info.plist; sourceTree = "<group>"; };
/* End PBXFileReference section */

/* Begin PBXFrameworksBuildPhase section */
		92EEEBCE242E7C3100DAAC3C /* Frameworks */ = {
			isa = PBXFrameworksBuildPhase;
			buildActionMask = 2147483647;
			files = (
			);
			runOnlyForDeploymentPostprocessing = 0;
		};
/* End PBXFrameworksBuildPhase section */

/* Begin PBXGroup section */
		92EEEBC8242E7C3100DAAC3C = {
			isa = PBXGroup;
			children = (
				92EEEBD3242E7C3100DAAC3C /* CovidKazakhstan */,
				92EEEBD2242E7C3100DAAC3C /* Products */,
			);
			sourceTree = "<group>";
		};
		92EEEBD2242E7C3100DAAC3C /* Products */ = {
			isa = PBXGroup;
			children = (
				92EEEBD1242E7C3100DAAC3C /* CovidKazakhstan.app */,
			);
			name = Products;
			sourceTree = "<group>";
		};
		92EEEBD3242E7C3100DAAC3C /* CovidKazakhstan */ = {
			isa = PBXGroup;
			children = (
				92EEEBD4242E7C3100DAAC3C /* AppDelegate.swift */,
				92EEEBD6242E7C3100DAAC3C /* SceneDelegate.swift */,
				92EEEBD8242E7C3100DAAC3C /* ViewController.swift */,
				92EEEBDA242E7C3100DAAC3C /* Main.storyboard */,
				92EEEBDD242E7C3300DAAC3C /* Assets.xcassets */,
				92EEEBDF242E7C3300DAAC3C /* LaunchScreen.storyboard */,
				92EEEBE2242E7C3300DAAC3C /* Info.plist */,
			);
			path = CovidKazakhstan;
			sourceTree = "<group>";
		};
/* End PBXGroup section */

/* Begin PBXNativeTarget section */
		92EEEBD0242E7C3100DAAC3C /* CovidKazakhstan */ = {
			isa = PBXNativeTarget;
			buildConfigurationList = 92EEEBE5242E7C3300DAAC3C /* Build configuration list for PBXNativeTarget "CovidKazakhstan" */;
			buildPhases = (
				92EEEBCD242E7C3100DAAC3C /* Sources */,
				92EEEBCE242E7C3100DAAC3C /* Frameworks */,
				92EEEBCF242E7C3100DAAC3C /* Resources */,
			);
			buildRules = (
			);
			dependencies = (
			);
			name = CovidKazakhstan;
			productName = CovidKazakhstan;
			productReference = 92EEEBD1242E7C3100DAAC3C /* CovidKazakhstan.app */;
			productType = "com.apple.product-type.application";
		};
/* End PBXNativeTarget section */

/* Begin PBXProject section */
		92EEEBC9242E7C3100DAAC3C /* Project object */ = {
			isa = PBXProject;
			attributes = {
				LastSwiftUpdateCheck = 1130;
				LastUpgradeCheck = 1130;
				ORGANIZATIONNAME = "onl1ner onl1ner";
				TargetAttributes = {
					92EEEBD0242E7C3100DAAC3C = {
						CreatedOnToolsVersion = 11.3.1;
					};
				};
			};
			buildConfigurationList = 92EEEBCC242E7C3100DAAC3C /* Build configuration list for PBXProject "CovidKazakhstan" */;
			compatibilityVersion = "Xcode 9.3";
			developmentRegion = en;
			hasScannedForEncodings = 0;
			knownRegions = (
				en,
				Base,
			);
			mainGroup = 92EEEBC8242E7C3100DAAC3C;
			productRefGroup = 92EEEBD2242E7C3100DAAC3C /* Products */;
			projectDirPath = "";
			projectRoot = "";
			targets = (
				92EEEBD0242E7C3100DAAC3C /* CovidKazakhstan */,
			);
		};
/* End PBXProject section */

/* Begin PBXResourcesBuildPhase section */
		92EEEBCF242E7C3100DAAC3C /* Resources */ = {
			isa = PBXResourcesBuildPhase;
			buildActionMask = 2147483647;
			files = (
				92EEEBE1242E7C3300DAAC3C /* LaunchScreen.storyboard in Resources */,
				92EEEBDE242E7C3300DAAC3C /* Assets.xcassets in Resources */,
				92EEEBDC242E7C3100DAAC3C /* Main.storyboard in Resources */,
			);
			runOnlyForDeploymentPostprocessing = 0;
		};
/* End PBXResourcesBuildPhase section */

/* Begin PBXSourcesBuildPhase section */
		92EEEBCD242E7C3100DAAC3C /* Sources */ = {
			isa = PBXSourcesBuildPhase;
			buildActionMask = 2147483647;
			files = (
				92EEEBD9242E7C3100DAAC3C /* ViewController.swift in Sources */,
				92EEEBD5242E7C3100DAAC3C /* AppDelegate.swift in Sources */,
				92EEEBD7242E7C3100DAAC3C /* SceneDelegate.swift in Sources */,
			);
			runOnlyForDeploymentPostprocessing = 0;
		};
/* End PBXSourcesBuildPhase section */

/* Begin PBXVariantGroup section */
		92EEEBDA242E7C3100DAAC3C /* Main.storyboard */ = {
			isa = PBXVariantGroup;
			children = (
				92EEEBDB242E7C3100DAAC3C /* Base */,
			);
			name = Main.storyboard;
			sourceTree = "<group>";
		};
		92EEEBDF242E7C3300DAAC3C /* LaunchScreen.storyboard */ = {
			isa = PBXVariantGroup;
			children = (
				92EEEBE0242E7C3300DAAC3C /* Base */,
			);
			name = LaunchScreen.storyboard;
			sourceTree = "<group>";
		};
/* End PBXVariantGroup section */

/* Begin XCBuildConfiguration section */
		92EEEBE3242E7C3300DAAC3C /* Debug */ = {
			isa = XCBuildConfiguration;
			buildSettings = {
				ALWAYS_SEARCH_USER_PATHS = NO;
				CLANG_ANALYZER_NONNULL = YES;
				CLANG_ANALYZER_NUMBER_OBJECT_CONVERSION = YES_AGGRESSIVE;
				CLANG_CXX_LANGUAGE_STANDARD = "gnu++14";
				CLANG_CXX_LIBRARY = "libc++";
				CLANG_ENABLE_MODULES = YES;
				CLANG_ENABLE_OBJC_ARC = YES;
				CLANG_ENABLE_OBJC_WEAK = YES;
				CLANG_WARN_BLOCK_CAPTURE_AUTORELEASING = YES;
				CLANG_WARN_BOOL_CONVERSION = YES;
				CLANG_WARN_COMMA = YES;
				CLANG_WARN_CONSTANT_CONVERSION = YES;
				CLANG_WARN_DEPRECATED_OBJC_IMPLEMENTATIONS = YES;
				CLANG_WARN_DIRECT_OBJC_ISA_USAGE = YES_ERROR;
				CLANG_WARN_DOCUMENTATION_COMMENTS = YES;
				CLANG_WARN_EMPTY_BODY = YES;
				CLANG_WARN_ENUM_CONVERSION = YES;
				CLANG_WARN_INFINITE_RECURSION = YES;
				CLANG_WARN_INT_CONVERSION = YES;
				CLANG_WARN_NON_LITERAL_NULL_CONVERSION = YES;
				CLANG_WARN_OBJC_IMPLICIT_RETAIN_SELF = YES;
				CLANG_WARN_OBJC_LITERAL_CONVERSION = YES;
				CLANG_WARN_OBJC_ROOT_CLASS = YES_ERROR;
				CLANG_WARN_RANGE_LOOP_ANALYSIS = YES;
				CLANG_WARN_STRICT_PROTOTYPES = YES;
				CLANG_WARN_SUSPICIOUS_MOVE = YES;
				CLANG_WARN_UNGUARDED_AVAILABILITY = YES_AGGRESSIVE;
				CLANG_WARN_UNREACHABLE_CODE = YES;
				CLANG_WARN__DUPLICATE_METHOD_MATCH = YES;
				COPY_PHASE_STRIP = NO;
				DEBUG_INFORMATION_FORMAT = dwarf;
				ENABLE_STRICT_OBJC_MSGSEND = YES;
				ENABLE_TESTABILITY = YES;
				GCC_C_LANGUAGE_STANDARD = gnu11;
				GCC_DYNAMIC_NO_PIC = NO;
				GCC_NO_COMMON_BLOCKS = YES;
				GCC_OPTIMIZATION_LEVEL = 0;
				GCC_PREPROCESSOR_DEFINITIONS = (
					"DEBUG=1",
					"$(inherited)",
				);
				GCC_WARN_64_TO_32_BIT_CONVERSION = YES;
				GCC_WARN_ABOUT_RETURN_TYPE = YES_ERROR;
				GCC_WARN_UNDECLARED_SELECTOR = YES;
				GCC_WARN_UNINITIALIZED_AUTOS = YES_AGGRESSIVE;
				GCC_WARN_UNUSED_FUNCTION = YES;
				GCC_WARN_UNUSED_VARIABLE = YES;
				IPHONEOS_DEPLOYMENT_TARGET = 13.2;
				MTL_ENABLE_DEBUG_INFO = INCLUDE_SOURCE;
				MTL_FAST_MATH = YES;
				ONLY_ACTIVE_ARCH = YES;
				SDKROOT = iphoneos;
				SWIFT_ACTIVE_COMPILATION_CONDITIONS = DEBUG;
				SWIFT_OPTIMIZATION_LEVEL = "-Onone";
			};
			name = Debug;
		};
		92EEEBE4242E7C3300DAAC3C /* Release */ = {
			isa = XCBuildConfiguration;
			buildSettings = {
				ALWAYS_SEARCH_USER_PATHS = NO;
				CLANG_ANALYZER_NONNULL = YES;
				CLANG_ANALYZER_NUMBER_OBJECT_CONVERSION = YES_AGGRESSIVE;
				CLANG_CXX_LANGUAGE_STANDARD = "gnu++14";
				CLANG_CXX_LIBRARY = "libc++";
				CLANG_ENABLE_MODULES = YES;
				CLANG_ENABLE_OBJC_ARC = YES;
				CLANG_ENABLE_OBJC_WEAK = YES;
				CLANG_WARN_BLOCK_CAPTURE_AUTORELEASING = YES;
				CLANG_WARN_BOOL_CONVERSION = YES;
				CLANG_WARN_COMMA = YES;
				CLANG_WARN_CONSTANT_CONVERSION = YES;
				CLANG_WARN_DEPRECATED_OBJC_IMPLEMENTATIONS = YES;
				CLANG_WARN_DIRECT_OBJC_ISA_USAGE = YES_ERROR;
				CLANG_WARN_DOCUMENTATION_COMMENTS = YES;
				CLANG_WARN_EMPTY_BODY = YES;
				CLANG_WARN_ENUM_CONVERSION = YES;
				CLANG_WARN_INFINITE_RECURSION = YES;
				CLANG_WARN_INT_CONVERSION = YES;
				CLANG_WARN_NON_LITERAL_NULL_CONVERSION = YES;
				CLANG_WARN_OBJC_IMPLICIT_RETAIN_SELF = YES;
				CLANG_WARN_OBJC_LITERAL_CONVERSION = YES;
				CLANG_WARN_OBJC_ROOT_CLASS = YES_ERROR;
				CLANG_WARN_RANGE_LOOP_ANALYSIS = YES;
				CLANG_WARN_STRICT_PROTOTYPES = YES;
				CLANG_WARN_SUSPICIOUS_MOVE = YES;
				CLANG_WARN_UNGUARDED_AVAILABILITY = YES_AGGRESSIVE;
				CLANG_WARN_UNREACHABLE_CODE = YES;
				CLANG_WARN__DUPLICATE_METHOD_MATCH = YES;
				COPY_PHASE_STRIP = NO;
				DEBUG_INFORMATION_FORMAT = "dwarf-with-dsym";
				ENABLE_NS_ASSERTIONS = NO;
				ENABLE_STRICT_OBJC_MSGSEND = YES;
				GCC_C_LANGUAGE_STANDARD = gnu11;
				GCC_NO_COMMON_BLOCKS = YES;
				GCC_WARN_64_TO_32_BIT_CONVERSION = YES;
				GCC_WARN_ABOUT_RETURN_TYPE = YES_ERROR;
				GCC_WARN_UNDECLARED_SELECTOR = YES;
				GCC_WARN_UNINITIALIZED_AUTOS = YES_AGGRESSIVE;
				GCC_WARN_UNUSED_FUNCTION = YES;
				GCC_WARN_UNUSED_VARIABLE = YES;
				IPHONEOS_DEPLOYMENT_TARGET = 13.2;
				MTL_ENABLE_DEBUG_INFO = NO;
				MTL_FAST_MATH = YES;
				SDKROOT = iphoneos;
				SWIFT_COMPILATION_MODE = wholemodule;
				SWIFT_OPTIMIZATION_LEVEL = "-O";
				VALIDATE_PRODUCT = YES;
			};
			name = Release;
		};
		92EEEBE6242E7C3300DAAC3C /* Debug */ = {
			isa = XCBuildConfiguration;
			buildSettings = {
				ASSETCATALOG_COMPILER_APPICON_NAME = AppIcon;
				CODE_SIGN_STYLE = Automatic;
				DEVELOPMENT_TEAM = H72YUS24CN;
				INFOPLIST_FILE = CovidKazakhstan/Info.plist;
				LD_RUNPATH_SEARCH_PATHS = (
					"$(inherited)",
					"@executable_path/Frameworks",
				);
				PRODUCT_BUNDLE_IDENTIFIER = onl1ner.CovidKazakhstan;
				PRODUCT_NAME = "$(TARGET_NAME)";
				SWIFT_VERSION = 5.0;
				TARGETED_DEVICE_FAMILY = "1,2";
			};
			name = Debug;
		};
		92EEEBE7242E7C3300DAAC3C /* Release */ = {
			isa = XCBuildConfiguration;
			buildSettings = {
				ASSETCATALOG_COMPILER_APPICON_NAME = AppIcon;
				CODE_SIGN_STYLE = Automatic;
				DEVELOPMENT_TEAM = H72YUS24CN;
				INFOPLIST_FILE = CovidKazakhstan/Info.plist;
				LD_RUNPATH_SEARCH_PATHS = (
					"$(inherited)",
					"@executable_path/Frameworks",
				);
				PRODUCT_BUNDLE_IDENTIFIER = onl1ner.CovidKazakhstan;
				PRODUCT_NAME = "$(TARGET_NAME)";
				SWIFT_VERSION = 5.0;
				TARGETED_DEVICE_FAMILY = "1,2";
			};
			name = Release;
		};
/* End XCBuildConfiguration section */

/* Begin XCConfigurationList section */
		92EEEBCC242E7C3100DAAC3C /* Build configuration list for PBXProject "CovidKazakhstan" */ = {
			isa = XCConfigurationList;
			buildConfigurations = (
				92EEEBE3242E7C3300DAAC3C /* Debug */,
				92EEEBE4242E7C3300DAAC3C /* Release */,
			);
			defaultConfigurationIsVisible = 0;
			defaultConfigurationName = Release;
		};
		92EEEBE5242E7C3300DAAC3C /* Build configuration list for PBXNativeTarget "CovidKazakhstan" */ = {
			isa = XCConfigurationList;
			buildConfigurations = (
				92EEEBE6242E7C3300DAAC3C /* Debug */,
				92EEEBE7242E7C3300DAAC3C /* Release */,
			);
			defaultConfigurationIsVisible = 0;
			defaultConfigurationName = Release;
		};
/* End XCConfigurationList section */
	};
	rootObject = 92EEEBC9242E7C3100DAAC3C /* Project object */;
}
